{
    "hash": "ddb474c62a3fdb76e15fab67c5b4bb61",
    "packages": [
        {
            "package": "symfony/finder",
            "version": "v2.1.0"
        },
        {
            "package": "symfony/process",
            "version": "v2.1.0"
        }
    ],
    "packages-dev": null,
    "aliases": [

    ],
    "minimum-stability": "stable",
    "stability-flags": [

    ]
}
